<?xml version="1.0" encoding="utf-8"?>
<Project ToolsVersion="4.0" xmlns="http://schemas.microsoft.com/developer/msbuild/2003">
  <ItemGroup>
    <Filter Include="Source Files">
      <UniqueIdentifier>{fc9cd02a-ac48-45d5-ba51-21282f56c1b3}</UniqueIdentifier>
      <Extensions>cpp;c;cxx;rc;def;r;odl;idl;hpj;bat</Extensions>
    </Filter>
    <Filter Include="Header Files">
      <UniqueIdentifier>{16cc9a39-3bf5-4447-86d8-296e0a346403}</UniqueIdentifier>
      <Extensions>h;hpp;hxx;hm;inl</Extensions>
    </Filter>
    <Filter Include="Resource Files">
      <UniqueIdentifier>{14e40596-8e50-4fc7-9536-6062adb18d33}</UniqueIdentifier>
      <Extensions>ico;cur;bmp;dlg;rc2;rct;bin;rgs;gif;jpg;jpeg;jpe</Extensions>
    </Filter>
  </ItemGroup>
  <ItemGroup>
    <ClCompile Include="Base64.cpp">
      <Filter>Source Files</Filter>
    </ClCompile>
    <ClCompile Include="ChipExDllSettingDialog.cpp">
      <Filter>Source Files</Filter>
    </ClCompile>
    <ClCompile Include="CustomExtPage.cpp">
      <Filter>Source Files</Filter>
    </ClCompile>
    <ClCompile Include="CustomizeSheet.cpp">
      <Filter>Source Files</Filter>
    </ClCompile>
    <ClCompile Include="DesignPage.cpp">
      <Filter>Source Files</Filter>
    </ClCompile>
    <ClCompile Include="Dll_IF.cpp">
      <Filter>Source Files</Filter>
    </ClCompile>
    <ClCompile Include="DrawExLib.cpp">
      <Filter>Source Files</Filter>
    </ClCompile>
    <ClCompile Include="DxlEdit.cpp">
      <Filter>Source Files</Filter>
    </ClCompile>
    <ClCompile Include="ExtDllPage.cpp">
      <Filter>Source Files</Filter>
    </ClCompile>
    <ClCompile Include="IconImgList.cpp">
      <Filter>Source Files</Filter>
    </ClCompile>
    <ClCompile Include="IconSelectMenu.cpp">
      <Filter>Source Files</Filter>
    </ClCompile>
    <ClCompile Include="InterfacePage.cpp">
      <Filter>Source Files</Filter>
    </ClCompile>
    <ClCompile Include="MemoChip.cpp">
      <Filter>Source Files</Filter>
    </ClCompile>
    <ClCompile Include="MemoData.cpp">
      <Filter>Source Files</Filter>
    </ClCompile>
    <ClCompile Include="MemoListBox.cpp">
      <Filter>Source Files</Filter>
    </ClCompile>
    <ClCompile Include="NetworkExtPage.cpp">
      <Filter>Source Files</Filter>
    </ClCompile>
    <ClCompile Include="NetworkPage.cpp">
      <Filter>Source Files</Filter>
    </ClCompile>
    <ClCompile Include="OleDrop.cpp">
      <Filter>Source Files</Filter>
    </ClCompile>
    <ClCompile Include="ProfileData.cpp">
      <Filter>Source Files</Filter>
    </ClCompile>
    <ClCompile Include="SecurityPage.cpp">
      <Filter>Source Files</Filter>
    </ClCompile>
    <ClCompile Include="SetReg.cpp">
      <Filter>Source Files</Filter>
    </ClCompile>
    <ClCompile Include="StdAfx.cpp">
      <Filter>Source Files</Filter>
    </ClCompile>
    <ClCompile Include="TempletPage.cpp">
      <Filter>Source Files</Filter>
    </ClCompile>
  </ItemGroup>
  <ItemGroup>
    <None Include="SetReg.def">
      <Filter>Source Files</Filter>
    </None>
    <None Include="DrawExLib.inl">
      <Filter>Header Files</Filter>
    </None>
    <None Include="MemoChip.inl">
      <Filter>Header Files</Filter>
    </None>
    <None Include="MemoData.inl">
      <Filter>Header Files</Filter>
    </None>
    <None Include="res\SetReg.rc2">
      <Filter>Resource Files</Filter>
    </None>
  </ItemGroup>
  <ItemGroup>
    <ResourceCompile Include="SetReg.rc">
      <Filter>Source Files</Filter>
    </ResourceCompile>
  </ItemGroup>
  <ItemGroup>
    <ClInclude Include="Base64.h">
      <Filter>Header Files</Filter>
    </ClInclude>
    <ClInclude Include="ChipArg_IF.h">
      <Filter>Header Files</Filter>
    </ClInclude>
    <ClInclude Include="ChipExDllSettingDialog.h">
      <Filter>Header Files</Filter>
    </ClInclude>
    <ClInclude Include="CustomExtPage.h">
      <Filter>Header Files</Filter>
    </ClInclude>
    <ClInclude Include="CustomizeSheet.h">
      <Filter>Header Files</Filter>
    </ClInclude>
    <ClInclude Include="DDData.h">
      <Filter>Header Files</Filter>
    </ClInclude>
    <ClInclude Include="DesignPage.h">
      <Filter>Header Files</Filter>
    </ClInclude>
    <ClInclude Include="Dll_IF.h">
      <Filter>Header Files</Filter>
    </ClInclude>
    <ClInclude Include="DrawEx_IF.h">
      <Filter>Header Files</Filter>
    </ClInclude>
    <ClInclude Include="DrawExLib.h">
      <Filter>Header Files</Filter>
    </ClInclude>
    <ClInclude Include="DxlEdit.h">
      <Filter>Header Files</Filter>
    </ClInclude>
    <ClInclude Include="ExtDllPage.h">
      <Filter>Header Files</Filter>
    </ClInclude>
    <ClInclude Include="IconImgList.h">
      <Filter>Header Files</Filter>
    </ClInclude>
    <ClInclude Include="IconSelectMenu.h">
      <Filter>Header Files</Filter>
    </ClInclude>
    <ClInclude Include="InterfacePage.h">
      <Filter>Header Files</Filter>
    </ClInclude>
    <ClInclude Include="MemoChip.h">
      <Filter>Header Files</Filter>
    </ClInclude>
    <ClInclude Include="MemoData.h">
      <Filter>Header Files</Filter>
    </ClInclude>
    <ClInclude Include="MemoListBox.h">
      <Filter>Header Files</Filter>
    </ClInclude>
    <ClInclude Include="NetworkExtPage.h">
      <Filter>Header Files</Filter>
    </ClInclude>
    <ClInclude Include="NetworkPage.h">
      <Filter>Header Files</Filter>
    </ClInclude>
    <ClInclude Include="OleDrop.h">
      <Filter>Header Files</Filter>
    </ClInclude>
    <ClInclude Include="ProfileData.h">
      <Filter>Header Files</Filter>
    </ClInclude>
    <ClInclude Include="Resource.h">
      <Filter>Header Files</Filter>
    </ClInclude>
    <ClInclude Include="SecurityPage.h">
      <Filter>Header Files</Filter>
    </ClInclude>
    <ClInclude Include="SetReg.h">
      <Filter>Header Files</Filter>
    </ClInclude>
    <ClInclude Include="StdAfx.h">
      <Filter>Header Files</Filter>
    </ClInclude>
    <ClInclude Include="TempletPage.h">
      <Filter>Header Files</Filter>
    </ClInclude>
  </ItemGroup>
  <ItemGroup>
    <Image Include="res\postit.bmp">
      <Filter>Resource Files</Filter>
    </Image>
  </ItemGroup>
  <ItemGroup>
    <Text Include="ReadMe.txt" />
  </ItemGroup>
</Project>